
Microsoft Visual Studio Solution File, Format Version 12.00
# Visual Studio Version 16
VisualStudioVersion = 16.0.30225.117
MinimumVisualStudioVersion = 10.0.40219.1
Project("{FAE04EC0-301F-11D3-BF4B-00C04F79EFBC}") = "Shekan", "Shekan\Shekan.csproj", "{143C9FD9-947B-445F-B24F-D3C809B5DCA7}"
EndProject
Global
	GlobalSection(SolutionConfigurationPlatforms) = preSolution
		Debug|Any CPU = Debug|Any CPU
		Release|Any CPU = Release|Any CPU
	EndGlobalSection
	GlobalSection(ProjectConfigurationPlatforms) = postSolution
		{143C9FD9-947B-445F-B24F-D3C809B5DCA7}.Debug|Any CPU.ActiveCfg = Debug|Any CPU
		{143C9FD9-947B-445F-B24F-D3C809B5DCA7}.Debug|Any CPU.Build.0 = Debug|Any CPU
		{143C9FD9-947B-445F-B24F-D3C809B5DCA7}.Release|Any CPU.ActiveCfg = Release|Any CPU
		{143C9FD9-947B-445F-B24F-D3C809B5DCA7}.Release|Any CPU.Build.0 = Release|Any CPU
	EndGlobalSection
	GlobalSection(SolutionProperties) = preSolution
		HideSolutionNode = FALSE
	EndGlobalSection
	GlobalSection(ExtensibilityGlobals) = postSolution
		SolutionGuid = {D1499788-0FAD-429B-BBB1-25A038C23D79}
	EndGlobalSection
EndGlobal
